// !$*UTF8*$!
{
	archiveVersion = 1;
	classes = {
	};
	objectVersion = 48;
	objects = {

/* Begin PBXBuildFile section */
		5BB247E72245C488009F212C /* AppDelegate.swift in Sources */ = {isa = PBXBuildFile; fileRef = 5BB247E62245C488009F212C /* AppDelegate.swift */; };
		5BB247E92245C488009F212C /* ViewController.swift in Sources */ = {isa = PBXBuildFile; fileRef = 5BB247E82245C488009F212C /* ViewController.swift */; };
		5BB247EC2245C488009F212C /* Main.storyboard in Resources */ = {isa = PBXBuildFile; fileRef = 5BB247EA2245C488009F212C /* Main.storyboard */; };
		5BB247EE2245C488009F212C /* Assets.xcassets in Resources */ = {isa = PBXBuildFile; fileRef = 5BB247ED2245C488009F212C /* Assets.xcassets */; };
		5BB247F12245C488009F212C /* LaunchScreen.storyboard in Resources */ = {isa = PBXBuildFile; fileRef = 5BB247EF2245C488009F212C /* LaunchScreen.storyboard */; };
		5BB247F92245D67E009F212C /* CVCFood.swift in Sources */ = {isa = PBXBuildFile; fileRef = 5BB247F82245D67E009F212C /* CVCFood.swift */; };
		5BB247FB2245D6CA009F212C /* Food.swift in Sources */ = {isa = PBXBuildFile; fileRef = 5BB247FA2245D6CA009F212C /* Food.swift */; };
		5BB247FD2245D972009F212C /* Foods.plist in Resources */ = {isa = PBXBuildFile; fileRef = 5BB247FC2245D972009F212C /* Foods.plist */; };
		5BF1B813224ACF2A0086A509 /* VCFoodDetails.swift in Sources */ = {isa = PBXBuildFile; fileRef = 5BF1B812224ACF2A0086A509 /* VCFoodDetails.swift */; };
/* End PBXBuildFile section */

/* Begin PBXFileReference section */
		5BB247E32245C488009F212C /* FoodApp.app */ = {isa = PBXFileReference; explicitFileType = wrapper.application; includeInIndex = 0; path = FoodApp.app; sourceTree = BUILT_PRODUCTS_DIR; };
		5BB247E62245C488009F212C /* AppDelegate.swift */ = {isa = PBXFileReference; lastKnownFileType = sourcecode.swift; path = AppDelegate.swift; sourceTree = "<group>"; };
		5BB247E82245C488009F212C /* ViewController.swift */ = {isa = PBXFileReference; lastKnownFileType = sourcecode.swift; path = ViewController.swift; sourceTree = "<group>"; };
		5BB247EB2245C488009F212C /* Base */ = {isa = PBXFileReference; lastKnownFileType = file.storyboard; name = Base; path = Base.lproj/Main.storyboard; sourceTree = "<group>"; };
		5BB247ED2245C488009F212C /* Assets.xcassets */ = {isa = PBXFileReference; lastKnownFileType = folder.assetcatalog; path = Assets.xcassets; sourceTree = "<group>"; };
		5BB247F02245C488009F212C /* Base */ = {isa = PBXFileReference; lastKnownFileType = file.storyboard; name = Base; path = Base.lproj/LaunchScreen.storyboard; sourceTree = "<group>"; };
		5BB247F22245C488009F212C /* Info.plist */ = {isa = PBXFileReference; lastKnownFileType = text.plist.xml; path = Info.plist; sourceTree = "<group>"; };
		5BB247F82245D67E009F212C /* CVCFood.swift */ = {isa = PBXFileReference; lastKnownFileType = sourcecode.swift; path = CVCFood.swift; sourceTree = "<group>"; };
		5BB247FA2245D6CA009F212C /* Food.swift */ = {isa = PBXFileReference; lastKnownFileType = sourcecode.swift; path = Food.swift; sourceTree = "<group>"; };
		5BB247FC2245D972009F212C /* Foods.plist */ = {isa = PBXFileReference; lastKnownFileType = text.plist.xml; path = Foods.plist; sourceTree = "<group>"; };
		5BF1B812224ACF2A0086A509 /* VCFoodDetails.swift */ = {isa = PBXFileReference; lastKnownFileType = sourcecode.swift; path = VCFoodDetails.swift; sourceTree = "<group>"; };
/* End PBXFileReference section */

/* Begin PBXFrameworksBuildPhase section */
		5BB247E02245C488009F212C /* Frameworks */ = {
			isa = PBXFrameworksBuildPhase;
			buildActionMask = 2147483647;
			files = (
			);
			runOnlyForDeploymentPostprocessing = 0;
		};
/* End PBXFrameworksBuildPhase section */

/* Begin PBXGroup section */
		5BB247DA2245C488009F212C = {
			isa = PBXGroup;
			children = (
				5BB247E52245C488009F212C /* FoodApp */,
				5BB247E42245C488009F212C /* Products */,
			);
			sourceTree = "<group>";
		};
		5BB247E42245C488009F212C /* Products */ = {
			isa = PBXGroup;
			children = (
				5BB247E32245C488009F212C /* FoodApp.app */,
			);
			name = Products;
			sourceTree = "<group>";
		};
		5BB247E52245C488009F212C /* FoodApp */ = {
			isa = PBXGroup;
			children = (
				5BB247E62245C488009F212C /* AppDelegate.swift */,
				5BB247E82245C488009F212C /* ViewController.swift */,
				5BB247EA2245C488009F212C /* Main.storyboard */,
				5BF1B812224ACF2A0086A509 /* VCFoodDetails.swift */,
				5BB247FC2245D972009F212C /* Foods.plist */,
				5BB247FA2245D6CA009F212C /* Food.swift */,
				5BB247F82245D67E009F212C /* CVCFood.swift */,
				5BB247ED2245C488009F212C /* Assets.xcassets */,
				5BB247EF2245C488009F212C /* LaunchScreen.storyboard */,
				5BB247F22245C488009F212C /* Info.plist */,
			);
			path = FoodApp;
			sourceTree = "<group>";
		};
/* End PBXGroup section */

/* Begin PBXNativeTarget section */
		5BB247E22245C488009F212C /* FoodApp */ = {
			isa = PBXNativeTarget;
			buildConfigurationList = 5BB247F52245C488009F212C /* Build configuration list for PBXNativeTarget "FoodApp" */;
			buildPhases = (
				5BB247DF2245C488009F212C /* Sources */,
				5BB247E02245C488009F212C /* Frameworks */,
				5BB247E12245C488009F212C /* Resources */,
			);
			buildRules = (
			);
			dependencies = (
			);
			name = FoodApp;
			productName = FoodApp;
			productReference = 5BB247E32245C488009F212C /* FoodApp.app */;
			productType = "com.apple.product-type.application";
		};
/* End PBXNativeTarget section */

/* Begin PBXProject section */
		5BB247DB2245C488009F212C /* Project object */ = {
			isa = PBXProject;
			attributes = {
				LastSwiftUpdateCheck = 0900;
				LastUpgradeCheck = 0900;
				ORGANIZATIONNAME = utng.vianey;
				TargetAttributes = {
					5BB247E22245C488009F212C = {
						CreatedOnToolsVersion = 9.0;
						ProvisioningStyle = Automatic;
					};
				};
			};
			buildConfigurationList = 5BB247DE2245C488009F212C /* Build configuration list for PBXProject "FoodApp" */;
			compatibilityVersion = "Xcode 8.0";
			developmentRegion = en;
			hasScannedForEncodings = 0;
			knownRegions = (
				en,
				Base,
			);
			mainGroup = 5BB247DA2245C488009F212C;
			productRefGroup = 5BB247E42245C488009F212C /* Products */;
			projectDirPath = "";
			projectRoot = "";
			targets = (
				5BB247E22245C488009F212C /* FoodApp */,
			);
		};
/* End PBXProject section */

/* Begin PBXResourcesBuildPhase section */
		5BB247E12245C488009F212C /* Resources */ = {
			isa = PBXResourcesBuildPhase;
			buildActionMask = 2147483647;
			files = (
				5BB247FD2245D972009F212C /* Foods.plist in Resources */,
				5BB247F12245C488009F212C /* LaunchScreen.storyboard in Resources */,
				5BB247EE2245C488009F212C /* Assets.xcassets in Resources */,
				5BB247EC2245C488009F212C /* Main.storyboard in Resources */,
			);
			runOnlyForDeploymentPostprocessing = 0;
		};
/* End PBXResourcesBuildPhase section */

/* Begin PBXSourcesBuildPhase section */
		5BB247DF2245C488009F212C /* Sources */ = {
			isa = PBXSourcesBuildPhase;
			buildActionMask = 2147483647;
			files = (
				5BB247F92245D67E009F212C /* CVCFood.swift in Sources */,
				5BB247FB2245D6CA009F212C /* Food.swift in Sources */,
				5BB247E92245C488009F212C /* ViewController.swift in Sources */,
				5BF1B813224ACF2A0086A509 /* VCFoodDetails.swift in Sources */,
				5BB247E72245C488009F212C /* AppDelegate.swift in Sources */,
			);
			runOnlyForDeploymentPostprocessing = 0;
		};
/* End PBXSourcesBuildPhase section */

/* Begin PBXVariantGroup section */
		5BB247EA2245C488009F212C /* Main.storyboard */ = {
			isa = PBXVariantGroup;
			children = (
				5BB247EB2245C488009F212C /* Base */,
			);
			name = Main.storyboard;
			sourceTree = "<group>";
		};
		5BB247EF2245C488009F212C /* LaunchScreen.storyboard */ = {
			isa = PBXVariantGroup;
			children = (
				5BB247F02245C488009F212C /* Base */,
			);
			name = LaunchScreen.storyboard;
			sourceTree = "<group>";
		};
/* End PBXVariantGroup section */

/* Begin XCBuildConfiguration section */
		5BB247F32245C488009F212C /* Debug */ = {
			isa = XCBuildConfiguration;
			buildSettings = {
				ALWAYS_SEARCH_USER_PATHS = NO;
				CLANG_ANALYZER_NONNULL = YES;
				CLANG_ANALYZER_NUMBER_OBJECT_CONVERSION = YES_AGGRESSIVE;
				CLANG_CXX_LANGUAGE_STANDARD = "gnu++14";
				CLANG_CXX_LIBRARY = "libc++";
				CLANG_ENABLE_MODULES = YES;
				CLANG_ENABLE_OBJC_ARC = YES;
				CLANG_WARN_BLOCK_CAPTURE_AUTORELEASING = YES;
				CLANG_WARN_BOOL_CONVERSION = YES;
				CLANG_WARN_COMMA = YES;
				CLANG_WARN_CONSTANT_CONVERSION = YES;
				CLANG_WARN_DIRECT_OBJC_ISA_USAGE = YES_ERROR;
				CLANG_WARN_DOCUMENTATION_COMMENTS = YES;
				CLANG_WARN_EMPTY_BODY = YES;
				CLANG_WARN_ENUM_CONVERSION = YES;
				CLANG_WARN_INFINITE_RECURSION = YES;
				CLANG_WARN_INT_CONVERSION = YES;
				CLANG_WARN_NON_LITERAL_NULL_CONVERSION = YES;
				CLANG_WARN_OBJC_LITERAL_CONVERSION = YES;
				CLANG_WARN_OBJC_ROOT_CLASS = YES_ERROR;
				CLANG_WARN_RANGE_LOOP_ANALYSIS = YES;
				CLANG_WARN_STRICT_PROTOTYPES = YES;
				CLANG_WARN_SUSPICIOUS_MOVE = YES;
				CLANG_WARN_UNGUARDED_AVAILABILITY = YES_AGGRESSIVE;
				CLANG_WARN_UNREACHABLE_CODE = YES;
				CLANG_WARN__DUPLICATE_METHOD_MATCH = YES;
				CODE_SIGN_IDENTITY = "iPhone Developer";
				COPY_PHASE_STRIP = NO;
				DEBUG_INFORMATION_FORMAT = dwarf;
				ENABLE_STRICT_OBJC_MSGSEND = YES;
				ENABLE_TESTABILITY = YES;
				GCC_C_LANGUAGE_STANDARD = gnu11;
				GCC_DYNAMIC_NO_PIC = NO;
				GCC_NO_COMMON_BLOCKS = YES;
				GCC_OPTIMIZATION_LEVEL = 0;
				GCC_PREPROCESSOR_DEFINITIONS = (
					"DEBUG=1",
					"$(inherited)",
				);
				GCC_WARN_64_TO_32_BIT_CONVERSION = YES;
				GCC_WARN_ABOUT_RETURN_TYPE = YES_ERROR;
				GCC_WARN_UNDECLARED_SELECTOR = YES;
				GCC_WARN_UNINITIALIZED_AUTOS = YES_AGGRESSIVE;
				GCC_WARN_UNUSED_FUNCTION = YES;
				GCC_WARN_UNUSED_VARIABLE = YES;
				IPHONEOS_DEPLOYMENT_TARGET = 11.0;
				MTL_ENABLE_DEBUG_INFO = YES;
				ONLY_ACTIVE_ARCH = YES;
				SDKROOT = iphoneos;
				SWIFT_ACTIVE_COMPILATION_CONDITIONS = DEBUG;
				SWIFT_OPTIMIZATION_LEVEL = "-Onone";
			};
			name = Debug;
		};
		5BB247F42245C488009F212C /* Release */ = {
			isa = XCBuildConfiguration;
			buildSettings = {
				ALWAYS_SEARCH_USER_PATHS = NO;
				CLANG_ANALYZER_NONNULL = YES;
				CLANG_ANALYZER_NUMBER_OBJECT_CONVERSION = YES_AGGRESSIVE;
				CLANG_CXX_LANGUAGE_STANDARD = "gnu++14";
				CLANG_CXX_LIBRARY = "libc++";
				CLANG_ENABLE_MODULES = YES;
				CLANG_ENABLE_OBJC_ARC = YES;
				CLANG_WARN_BLOCK_CAPTURE_AUTORELEASING = YES;
				CLANG_WARN_BOOL_CONVERSION = YES;
				CLANG_WARN_COMMA = YES;
				CLANG_WARN_CONSTANT_CONVERSION = YES;
				CLANG_WARN_DIRECT_OBJC_ISA_USAGE = YES_ERROR;
				CLANG_WARN_DOCUMENTATION_COMMENTS = YES;
				CLANG_WARN_EMPTY_BODY = YES;
				CLANG_WARN_ENUM_CONVERSION = YES;
				CLANG_WARN_INFINITE_RECURSION = YES;
				CLANG_WARN_INT_CONVERSION = YES;
				CLANG_WARN_NON_LITERAL_NULL_CONVERSION = YES;
				CLANG_WARN_OBJC_LITERAL_CONVERSION = YES;
				CLANG_WARN_OBJC_ROOT_CLASS = YES_ERROR;
				CLANG_WARN_RANGE_LOOP_ANALYSIS = YES;
				CLANG_WARN_STRICT_PROTOTYPES = YES;
				CLANG_WARN_SUSPICIOUS_MOVE = YES;
				CLANG_WARN_UNGUARDED_AVAILABILITY = YES_AGGRESSIVE;
				CLANG_WARN_UNREACHABLE_CODE = YES;
				CLANG_WARN__DUPLICATE_METHOD_MATCH = YES;
				CODE_SIGN_IDENTITY = "iPhone Developer";
				COPY_PHASE_STRIP = NO;
				DEBUG_INFORMATION_FORMAT = "dwarf-with-dsym";
				ENABLE_NS_ASSERTIONS = NO;
				ENABLE_STRICT_OBJC_MSGSEND = YES;
				GCC_C_LANGUAGE_STANDARD = gnu11;
				GCC_NO_COMMON_BLOCKS = YES;
				GCC_WARN_64_TO_32_BIT_CONVERSION = YES;
				GCC_WARN_ABOUT_RETURN_TYPE = YES_ERROR;
				GCC_WARN_UNDECLARED_SELECTOR = YES;
				GCC_WARN_UNINITIALIZED_AUTOS = YES_AGGRESSIVE;
				GCC_WARN_UNUSED_FUNCTION = YES;
				GCC_WARN_UNUSED_VARIABLE = YES;
				IPHONEOS_DEPLOYMENT_TARGET = 11.0;
				MTL_ENABLE_DEBUG_INFO = NO;
				SDKROOT = iphoneos;
				SWIFT_OPTIMIZATION_LEVEL = "-Owholemodule";
				VALIDATE_PRODUCT = YES;
			};
			name = Release;
		};
		5BB247F62245C488009F212C /* Debug */ = {
			isa = XCBuildConfiguration;
			buildSettings = {
				ASSETCATALOG_COMPILER_APPICON_NAME = AppIcon;
				CODE_SIGN_STYLE = Automatic;
				INFOPLIST_FILE = FoodApp/Info.plist;
				LD_RUNPATH_SEARCH_PATHS = "$(inherited) @executable_path/Frameworks";
				PRODUCT_BUNDLE_IDENTIFIER = mx.edu.utng.vianey.FoodApp;
				PRODUCT_NAME = "$(TARGET_NAME)";
				SWIFT_VERSION = 4.0;
				TARGETED_DEVICE_FAMILY = "1,2";
			};
			name = Debug;
		};
		5BB247F72245C488009F212C /* Release */ = {
			isa = XCBuildConfiguration;
			buildSettings = {
				ASSETCATALOG_COMPILER_APPICON_NAME = AppIcon;
				CODE_SIGN_STYLE = Automatic;
				INFOPLIST_FILE = FoodApp/Info.plist;
				LD_RUNPATH_SEARCH_PATHS = "$(inherited) @executable_path/Frameworks";
				PRODUCT_BUNDLE_IDENTIFIER = mx.edu.utng.vianey.FoodApp;
				PRODUCT_NAME = "$(TARGET_NAME)";
				SWIFT_VERSION = 4.0;
				TARGETED_DEVICE_FAMILY = "1,2";
			};
			name = Release;
		};
/* End XCBuildConfiguration section */

/* Begin XCConfigurationList section */
		5BB247DE2245C488009F212C /* Build configuration list for PBXProject "FoodApp" */ = {
			isa = XCConfigurationList;
			buildConfigurations = (
				5BB247F32245C488009F212C /* Debug */,
				5BB247F42245C488009F212C /* Release */,
			);
			defaultConfigurationIsVisible = 0;
			defaultConfigurationName = Release;
		};
		5BB247F52245C488009F212C /* Build configuration list for PBXNativeTarget "FoodApp" */ = {
			isa = XCConfigurationList;
			buildConfigurations = (
				5BB247F62245C488009F212C /* Debug */,
				5BB247F72245C488009F212C /* Release */,
			);
			defaultConfigurationIsVisible = 0;
			defaultConfigurationName = Release;
		};
/* End XCConfigurationList section */
	};
	rootObject = 5BB247DB2245C488009F212C /* Project object */;
}
